
Microsoft Visual Studio Solution File, Format Version 12.00
# Visual Studio Version 17
VisualStudioVersion = 17.4.33205.214
MinimumVisualStudioVersion = 10.0.40219.1
Project("{9A19103F-16F7-4668-BE54-9A1E7A4F7556}") = "ArtemisManager", "ArtemisManager\ArtemisManager.csproj", "{1A272527-3A00-4981-9A96-269B7E28E3B3}"
EndProject
Project("{9A19103F-16F7-4668-BE54-9A1E7A4F7556}") = "AMCommunicator", "AMCommunicator\AMCommunicator.csproj", "{111D3BCB-D7A8-4BD4-A4F1-6DEFCAE0E7BF}"
EndProject
Project("{2150E333-8FDC-42A3-9474-1A3956D46DE8}") = "Solution Items", "Solution Items", "{FE2BC33A-3EBA-4E02-B992-3B0556A834CA}"
	ProjectSection(SolutionItems) = preProject
		am.ico = am.ico
		am.pdn = am.pdn
		am.rtf = am.rtf
		amBanner.jpg = amBanner.jpg
		amBanner.pdn = amBanner.pdn
		C:\Users\rjudge\Downloads\artemis1.pdn = C:\Users\rjudge\Downloads\artemis1.pdn
		changes.txt = changes.txt
		Deploy.cmd = Deploy.cmd
		LICENSE = LICENSE
		README.md = README.md
	EndProjectSection
EndProject
Project("{9A19103F-16F7-4668-BE54-9A1E7A4F7556}") = "AMCommunicatorTests", "AMCommunicatorTests\AMCommunicatorTests.csproj", "{B8C00DC4-485B-42A9-B958-8FB76C50324F}"
EndProject
Project("{9A19103F-16F7-4668-BE54-9A1E7A4F7556}") = "ArtemisManagerUI", "ArtemisManagerUI\ArtemisManagerUI.csproj", "{35E9D8C3-399F-48A9-BE8A-A69A8B00CD09}"
EndProject
Project("{9A19103F-16F7-4668-BE54-9A1E7A4F7556}") = "ArtemisManagerAction", "ArtemisManagerAction\ArtemisManagerAction.csproj", "{3FC2AB56-4D2C-4458-81FB-CD68F05785F9}"
EndProject
Project("{2150E333-8FDC-42A3-9474-1A3956D46DE8}") = "Resources", "Resources", "{F2A4302C-5D71-4987-8F72-F3B8C9E2E51C}"
EndProject
Project("{9A19103F-16F7-4668-BE54-9A1E7A4F7556}") = "VersionBump", "VersionBump\VersionBump.csproj", "{666E9F78-6806-4FEE-9C4D-6A5CC2B8E0EE}"
EndProject
Project("{9A19103F-16F7-4668-BE54-9A1E7A4F7556}") = "ArtemisManagerActionTests", "ArtemisManagerActionTests\ArtemisManagerActionTests.csproj", "{D9B06F4F-5871-40AF-B8A8-867D03B14495}"
EndProject
Project("{54435603-DBB4-11D2-8724-00A0C9A8B90C}") = "ArtemisManagerSetup", "ArtemisManagerSetup\ArtemisManagerSetup.vdproj", "{4954523D-03CD-4C5C-B9A0-D907207E8DE2}"
EndProject
Project("{9A19103F-16F7-4668-BE54-9A1E7A4F7556}") = "Deploy", "Deploy\Deploy.csproj", "{F93AA927-6D5B-4D6B-9821-CDE5E9F3D195}"
EndProject
Project("{9A19103F-16F7-4668-BE54-9A1E7A4F7556}") = "AretmisManager_UninstallCleanup", "AretmisManager_UninstallCleanup\AretmisManager_UninstallCleanup.csproj", "{1FA1B525-A021-41DE-B452-0CA82EE29B15}"
EndProject
Project("{FAE04EC0-301F-11D3-BF4B-00C04F79EFBC}") = "ArtemisManagerUITests", "ArtemisManagerUITests\ArtemisManagerUITests.csproj", "{C655E240-A1E2-4EFC-9114-C50127C1AE49}"
EndProject
Global
	GlobalSection(SolutionConfigurationPlatforms) = preSolution
		Debug|Any CPU = Debug|Any CPU
		Release|Any CPU = Release|Any CPU
	EndGlobalSection
	GlobalSection(ProjectConfigurationPlatforms) = postSolution
		{1A272527-3A00-4981-9A96-269B7E28E3B3}.Debug|Any CPU.ActiveCfg = Debug|Any CPU
		{1A272527-3A00-4981-9A96-269B7E28E3B3}.Debug|Any CPU.Build.0 = Debug|Any CPU
		{1A272527-3A00-4981-9A96-269B7E28E3B3}.Release|Any CPU.ActiveCfg = Release|Any CPU
		{1A272527-3A00-4981-9A96-269B7E28E3B3}.Release|Any CPU.Build.0 = Release|Any CPU
		{111D3BCB-D7A8-4BD4-A4F1-6DEFCAE0E7BF}.Debug|Any CPU.ActiveCfg = Debug|Any CPU
		{111D3BCB-D7A8-4BD4-A4F1-6DEFCAE0E7BF}.Debug|Any CPU.Build.0 = Debug|Any CPU
		{111D3BCB-D7A8-4BD4-A4F1-6DEFCAE0E7BF}.Release|Any CPU.ActiveCfg = Release|Any CPU
		{111D3BCB-D7A8-4BD4-A4F1-6DEFCAE0E7BF}.Release|Any CPU.Build.0 = Release|Any CPU
		{B8C00DC4-485B-42A9-B958-8FB76C50324F}.Debug|Any CPU.ActiveCfg = Debug|Any CPU
		{B8C00DC4-485B-42A9-B958-8FB76C50324F}.Debug|Any CPU.Build.0 = Debug|Any CPU
		{B8C00DC4-485B-42A9-B958-8FB76C50324F}.Release|Any CPU.ActiveCfg = Release|Any CPU
		{B8C00DC4-485B-42A9-B958-8FB76C50324F}.Release|Any CPU.Build.0 = Release|Any CPU
		{35E9D8C3-399F-48A9-BE8A-A69A8B00CD09}.Debug|Any CPU.ActiveCfg = Debug|Any CPU
		{35E9D8C3-399F-48A9-BE8A-A69A8B00CD09}.Debug|Any CPU.Build.0 = Debug|Any CPU
		{35E9D8C3-399F-48A9-BE8A-A69A8B00CD09}.Release|Any CPU.ActiveCfg = Release|Any CPU
		{35E9D8C3-399F-48A9-BE8A-A69A8B00CD09}.Release|Any CPU.Build.0 = Release|Any CPU
		{3FC2AB56-4D2C-4458-81FB-CD68F05785F9}.Debug|Any CPU.ActiveCfg = Debug|Any CPU
		{3FC2AB56-4D2C-4458-81FB-CD68F05785F9}.Debug|Any CPU.Build.0 = Debug|Any CPU
		{3FC2AB56-4D2C-4458-81FB-CD68F05785F9}.Release|Any CPU.ActiveCfg = Release|Any CPU
		{3FC2AB56-4D2C-4458-81FB-CD68F05785F9}.Release|Any CPU.Build.0 = Release|Any CPU
		{666E9F78-6806-4FEE-9C4D-6A5CC2B8E0EE}.Debug|Any CPU.ActiveCfg = Debug|Any CPU
		{666E9F78-6806-4FEE-9C4D-6A5CC2B8E0EE}.Release|Any CPU.ActiveCfg = Release|Any CPU
		{666E9F78-6806-4FEE-9C4D-6A5CC2B8E0EE}.Release|Any CPU.Build.0 = Release|Any CPU
		{D9B06F4F-5871-40AF-B8A8-867D03B14495}.Debug|Any CPU.ActiveCfg = Debug|Any CPU
		{D9B06F4F-5871-40AF-B8A8-867D03B14495}.Debug|Any CPU.Build.0 = Debug|Any CPU
		{D9B06F4F-5871-40AF-B8A8-867D03B14495}.Release|Any CPU.ActiveCfg = Release|Any CPU
		{D9B06F4F-5871-40AF-B8A8-867D03B14495}.Release|Any CPU.Build.0 = Release|Any CPU
		{4954523D-03CD-4C5C-B9A0-D907207E8DE2}.Debug|Any CPU.ActiveCfg = Debug
		{4954523D-03CD-4C5C-B9A0-D907207E8DE2}.Release|Any CPU.ActiveCfg = Release
		{F93AA927-6D5B-4D6B-9821-CDE5E9F3D195}.Debug|Any CPU.ActiveCfg = Debug|Any CPU
		{F93AA927-6D5B-4D6B-9821-CDE5E9F3D195}.Release|Any CPU.ActiveCfg = Release|Any CPU
		{F93AA927-6D5B-4D6B-9821-CDE5E9F3D195}.Release|Any CPU.Build.0 = Release|Any CPU
		{1FA1B525-A021-41DE-B452-0CA82EE29B15}.Debug|Any CPU.ActiveCfg = Debug|Any CPU
		{1FA1B525-A021-41DE-B452-0CA82EE29B15}.Debug|Any CPU.Build.0 = Debug|Any CPU
		{1FA1B525-A021-41DE-B452-0CA82EE29B15}.Release|Any CPU.ActiveCfg = Release|Any CPU
		{1FA1B525-A021-41DE-B452-0CA82EE29B15}.Release|Any CPU.Build.0 = Release|Any CPU
		{C655E240-A1E2-4EFC-9114-C50127C1AE49}.Debug|Any CPU.ActiveCfg = Debug|Any CPU
		{C655E240-A1E2-4EFC-9114-C50127C1AE49}.Debug|Any CPU.Build.0 = Debug|Any CPU
		{C655E240-A1E2-4EFC-9114-C50127C1AE49}.Release|Any CPU.ActiveCfg = Release|Any CPU
		{C655E240-A1E2-4EFC-9114-C50127C1AE49}.Release|Any CPU.Build.0 = Release|Any CPU
	EndGlobalSection
	GlobalSection(SolutionProperties) = preSolution
		HideSolutionNode = FALSE
	EndGlobalSection
	GlobalSection(ExtensibilityGlobals) = postSolution
		SolutionGuid = {68A1DD84-58F3-4845-889D-1EDB2A6B2D34}
	EndGlobalSection
EndGlobal
